// !$*UTF8*$!
{
	archiveVersion = 1;
	classes = {
	};
	objectVersion = 50;
	objects = {

/* Begin PBXBuildFile section */
		11B6140E2546BECD00434504 /* AppDelegate.swift in Sources */ = {isa = PBXBuildFile; fileRef = 11B6140D2546BECD00434504 /* AppDelegate.swift */; };
		11B614102546BECD00434504 /* SceneDelegate.swift in Sources */ = {isa = PBXBuildFile; fileRef = 11B6140F2546BECD00434504 /* SceneDelegate.swift */; };
		11B614122546BECD00434504 /* ViewController.swift in Sources */ = {isa = PBXBuildFile; fileRef = 11B614112546BECD00434504 /* ViewController.swift */; };
		11B614152546BECD00434504 /* Main.storyboard in Resources */ = {isa = PBXBuildFile; fileRef = 11B614132546BECD00434504 /* Main.storyboard */; };
		11B614172546BECE00434504 /* Assets.xcassets in Resources */ = {isa = PBXBuildFile; fileRef = 11B614162546BECE00434504 /* Assets.xcassets */; };
		11B6141A2546BECE00434504 /* LaunchScreen.storyboard in Resources */ = {isa = PBXBuildFile; fileRef = 11B614182546BECE00434504 /* LaunchScreen.storyboard */; };
		11B614252546BECE00434504 /* modalsampleTests.swift in Sources */ = {isa = PBXBuildFile; fileRef = 11B614242546BECE00434504 /* modalsampleTests.swift */; };
		11B614302546BECE00434504 /* modalsampleUITests.swift in Sources */ = {isa = PBXBuildFile; fileRef = 11B6142F2546BECE00434504 /* modalsampleUITests.swift */; };
		11B614412547362300434504 /* ModalViewController.swift in Sources */ = {isa = PBXBuildFile; fileRef = 11B614402547362300434504 /* ModalViewController.swift */; };
		11B614462547367A00434504 /* PresentationController.swift in Sources */ = {isa = PBXBuildFile; fileRef = 11B614452547367A00434504 /* PresentationController.swift */; };
		11B61459254A9BE700434504 /* ModalViewController.storyboard in Resources */ = {isa = PBXBuildFile; fileRef = 11B61458254A9BE700434504 /* ModalViewController.storyboard */; };
		11B6145F254AA67100434504 /* extention.swift in Sources */ = {isa = PBXBuildFile; fileRef = 11B6145E254AA67100434504 /* extention.swift */; };
/* End PBXBuildFile section */

/* Begin PBXContainerItemProxy section */
		11B614212546BECE00434504 /* PBXContainerItemProxy */ = {
			isa = PBXContainerItemProxy;
			containerPortal = 11B614022546BECD00434504 /* Project object */;
			proxyType = 1;
			remoteGlobalIDString = 11B614092546BECD00434504;
			remoteInfo = modalsample;
		};
		11B6142C2546BECE00434504 /* PBXContainerItemProxy */ = {
			isa = PBXContainerItemProxy;
			containerPortal = 11B614022546BECD00434504 /* Project object */;
			proxyType = 1;
			remoteGlobalIDString = 11B614092546BECD00434504;
			remoteInfo = modalsample;
		};
/* End PBXContainerItemProxy section */

/* Begin PBXFileReference section */
		11B6140A2546BECD00434504 /* modalsample.app */ = {isa = PBXFileReference; explicitFileType = wrapper.application; includeInIndex = 0; path = modalsample.app; sourceTree = BUILT_PRODUCTS_DIR; };
		11B6140D2546BECD00434504 /* AppDelegate.swift */ = {isa = PBXFileReference; lastKnownFileType = sourcecode.swift; path = AppDelegate.swift; sourceTree = "<group>"; };
		11B6140F2546BECD00434504 /* SceneDelegate.swift */ = {isa = PBXFileReference; lastKnownFileType = sourcecode.swift; path = SceneDelegate.swift; sourceTree = "<group>"; };
		11B614112546BECD00434504 /* ViewController.swift */ = {isa = PBXFileReference; lastKnownFileType = sourcecode.swift; path = ViewController.swift; sourceTree = "<group>"; };
		11B614142546BECD00434504 /* Base */ = {isa = PBXFileReference; lastKnownFileType = file.storyboard; name = Base; path = Base.lproj/Main.storyboard; sourceTree = "<group>"; };
		11B614162546BECE00434504 /* Assets.xcassets */ = {isa = PBXFileReference; lastKnownFileType = folder.assetcatalog; path = Assets.xcassets; sourceTree = "<group>"; };
		11B614192546BECE00434504 /* Base */ = {isa = PBXFileReference; lastKnownFileType = file.storyboard; name = Base; path = Base.lproj/LaunchScreen.storyboard; sourceTree = "<group>"; };
		11B6141B2546BECE00434504 /* Info.plist */ = {isa = PBXFileReference; lastKnownFileType = text.plist.xml; path = Info.plist; sourceTree = "<group>"; };
		11B614202546BECE00434504 /* modalsampleTests.xctest */ = {isa = PBXFileReference; explicitFileType = wrapper.cfbundle; includeInIndex = 0; path = modalsampleTests.xctest; sourceTree = BUILT_PRODUCTS_DIR; };
		11B614242546BECE00434504 /* modalsampleTests.swift */ = {isa = PBXFileReference; lastKnownFileType = sourcecode.swift; path = modalsampleTests.swift; sourceTree = "<group>"; };
		11B614262546BECE00434504 /* Info.plist */ = {isa = PBXFileReference; lastKnownFileType = text.plist.xml; path = Info.plist; sourceTree = "<group>"; };
		11B6142B2546BECE00434504 /* modalsampleUITests.xctest */ = {isa = PBXFileReference; explicitFileType = wrapper.cfbundle; includeInIndex = 0; path = modalsampleUITests.xctest; sourceTree = BUILT_PRODUCTS_DIR; };
		11B6142F2546BECE00434504 /* modalsampleUITests.swift */ = {isa = PBXFileReference; lastKnownFileType = sourcecode.swift; path = modalsampleUITests.swift; sourceTree = "<group>"; };
		11B614312546BECE00434504 /* Info.plist */ = {isa = PBXFileReference; lastKnownFileType = text.plist.xml; path = Info.plist; sourceTree = "<group>"; };
		11B614402547362300434504 /* ModalViewController.swift */ = {isa = PBXFileReference; lastKnownFileType = sourcecode.swift; path = ModalViewController.swift; sourceTree = "<group>"; };
		11B614452547367A00434504 /* PresentationController.swift */ = {isa = PBXFileReference; lastKnownFileType = sourcecode.swift; path = PresentationController.swift; sourceTree = "<group>"; };
		11B61458254A9BE700434504 /* ModalViewController.storyboard */ = {isa = PBXFileReference; lastKnownFileType = file.storyboard; path = ModalViewController.storyboard; sourceTree = "<group>"; };
		11B6145E254AA67100434504 /* extention.swift */ = {isa = PBXFileReference; lastKnownFileType = sourcecode.swift; path = extention.swift; sourceTree = "<group>"; };
/* End PBXFileReference section */

/* Begin PBXFrameworksBuildPhase section */
		11B614072546BECD00434504 /* Frameworks */ = {
			isa = PBXFrameworksBuildPhase;
			buildActionMask = 2147483647;
			files = (
			);
			runOnlyForDeploymentPostprocessing = 0;
		};
		11B6141D2546BECE00434504 /* Frameworks */ = {
			isa = PBXFrameworksBuildPhase;
			buildActionMask = 2147483647;
			files = (
			);
			runOnlyForDeploymentPostprocessing = 0;
		};
		11B614282546BECE00434504 /* Frameworks */ = {
			isa = PBXFrameworksBuildPhase;
			buildActionMask = 2147483647;
			files = (
			);
			runOnlyForDeploymentPostprocessing = 0;
		};
/* End PBXFrameworksBuildPhase section */

/* Begin PBXGroup section */
		11B614012546BECD00434504 = {
			isa = PBXGroup;
			children = (
				11B6140C2546BECD00434504 /* modalsample */,
				11B614232546BECE00434504 /* modalsampleTests */,
				11B6142E2546BECE00434504 /* modalsampleUITests */,
				11B6140B2546BECD00434504 /* Products */,
			);
			sourceTree = "<group>";
		};
		11B6140B2546BECD00434504 /* Products */ = {
			isa = PBXGroup;
			children = (
				11B6140A2546BECD00434504 /* modalsample.app */,
				11B614202546BECE00434504 /* modalsampleTests.xctest */,
				11B6142B2546BECE00434504 /* modalsampleUITests.xctest */,
			);
			name = Products;
			sourceTree = "<group>";
		};
		11B6140C2546BECD00434504 /* modalsample */ = {
			isa = PBXGroup;
			children = (
				11B6145D254AA64A00434504 /* Extention */,
				11B6140D2546BECD00434504 /* AppDelegate.swift */,
				11B6140F2546BECD00434504 /* SceneDelegate.swift */,
				11B614112546BECD00434504 /* ViewController.swift */,
				11B614132546BECD00434504 /* Main.storyboard */,
				11B614182546BECE00434504 /* LaunchScreen.storyboard */,
				11B6141B2546BECE00434504 /* Info.plist */,
				11B614162546BECE00434504 /* Assets.xcassets */,
				11B614402547362300434504 /* ModalViewController.swift */,
				11B614452547367A00434504 /* PresentationController.swift */,
				11B61458254A9BE700434504 /* ModalViewController.storyboard */,
			);
			path = modalsample;
			sourceTree = "<group>";
		};
		11B614232546BECE00434504 /* modalsampleTests */ = {
			isa = PBXGroup;
			children = (
				11B614242546BECE00434504 /* modalsampleTests.swift */,
				11B614262546BECE00434504 /* Info.plist */,
			);
			path = modalsampleTests;
			sourceTree = "<group>";
		};
		11B6142E2546BECE00434504 /* modalsampleUITests */ = {
			isa = PBXGroup;
			children = (
				11B6142F2546BECE00434504 /* modalsampleUITests.swift */,
				11B614312546BECE00434504 /* Info.plist */,
			);
			path = modalsampleUITests;
			sourceTree = "<group>";
		};
		11B6145D254AA64A00434504 /* Extention */ = {
			isa = PBXGroup;
			children = (
				11B6145E254AA67100434504 /* extention.swift */,
			);
			path = Extention;
			sourceTree = "<group>";
		};
/* End PBXGroup section */

/* Begin PBXNativeTarget section */
		11B614092546BECD00434504 /* modalsample */ = {
			isa = PBXNativeTarget;
			buildConfigurationList = 11B614342546BECE00434504 /* Build configuration list for PBXNativeTarget "modalsample" */;
			buildPhases = (
				11B614062546BECD00434504 /* Sources */,
				11B614072546BECD00434504 /* Frameworks */,
				11B614082546BECD00434504 /* Resources */,
			);
			buildRules = (
			);
			dependencies = (
			);
			name = modalsample;
			productName = modalsample;
			productReference = 11B6140A2546BECD00434504 /* modalsample.app */;
			productType = "com.apple.product-type.application";
		};
		11B6141F2546BECE00434504 /* modalsampleTests */ = {
			isa = PBXNativeTarget;
			buildConfigurationList = 11B614372546BECE00434504 /* Build configuration list for PBXNativeTarget "modalsampleTests" */;
			buildPhases = (
				11B6141C2546BECE00434504 /* Sources */,
				11B6141D2546BECE00434504 /* Frameworks */,
				11B6141E2546BECE00434504 /* Resources */,
			);
			buildRules = (
			);
			dependencies = (
				11B614222546BECE00434504 /* PBXTargetDependency */,
			);
			name = modalsampleTests;
			productName = modalsampleTests;
			productReference = 11B614202546BECE00434504 /* modalsampleTests.xctest */;
			productType = "com.apple.product-type.bundle.unit-test";
		};
		11B6142A2546BECE00434504 /* modalsampleUITests */ = {
			isa = PBXNativeTarget;
			buildConfigurationList = 11B6143A2546BECE00434504 /* Build configuration list for PBXNativeTarget "modalsampleUITests" */;
			buildPhases = (
				11B614272546BECE00434504 /* Sources */,
				11B614282546BECE00434504 /* Frameworks */,
				11B614292546BECE00434504 /* Resources */,
			);
			buildRules = (
			);
			dependencies = (
				11B6142D2546BECE00434504 /* PBXTargetDependency */,
			);
			name = modalsampleUITests;
			productName = modalsampleUITests;
			productReference = 11B6142B2546BECE00434504 /* modalsampleUITests.xctest */;
			productType = "com.apple.product-type.bundle.ui-testing";
		};
/* End PBXNativeTarget section */

/* Begin PBXProject section */
		11B614022546BECD00434504 /* Project object */ = {
			isa = PBXProject;
			attributes = {
				LastSwiftUpdateCheck = 1210;
				LastUpgradeCheck = 1210;
				TargetAttributes = {
					11B614092546BECD00434504 = {
						CreatedOnToolsVersion = 12.1;
					};
					11B6141F2546BECE00434504 = {
						CreatedOnToolsVersion = 12.1;
						TestTargetID = 11B614092546BECD00434504;
					};
					11B6142A2546BECE00434504 = {
						CreatedOnToolsVersion = 12.1;
						TestTargetID = 11B614092546BECD00434504;
					};
				};
			};
			buildConfigurationList = 11B614052546BECD00434504 /* Build configuration list for PBXProject "modalsample" */;
			compatibilityVersion = "Xcode 9.3";
			developmentRegion = en;
			hasScannedForEncodings = 0;
			knownRegions = (
				en,
				Base,
			);
			mainGroup = 11B614012546BECD00434504;
			productRefGroup = 11B6140B2546BECD00434504 /* Products */;
			projectDirPath = "";
			projectRoot = "";
			targets = (
				11B614092546BECD00434504 /* modalsample */,
				11B6141F2546BECE00434504 /* modalsampleTests */,
				11B6142A2546BECE00434504 /* modalsampleUITests */,
			);
		};
/* End PBXProject section */

/* Begin PBXResourcesBuildPhase section */
		11B614082546BECD00434504 /* Resources */ = {
			isa = PBXResourcesBuildPhase;
			buildActionMask = 2147483647;
			files = (
				11B61459254A9BE700434504 /* ModalViewController.storyboard in Resources */,
				11B6141A2546BECE00434504 /* LaunchScreen.storyboard in Resources */,
				11B614172546BECE00434504 /* Assets.xcassets in Resources */,
				11B614152546BECD00434504 /* Main.storyboard in Resources */,
			);
			runOnlyForDeploymentPostprocessing = 0;
		};
		11B6141E2546BECE00434504 /* Resources */ = {
			isa = PBXResourcesBuildPhase;
			buildActionMask = 2147483647;
			files = (
			);
			runOnlyForDeploymentPostprocessing = 0;
		};
		11B614292546BECE00434504 /* Resources */ = {
			isa = PBXResourcesBuildPhase;
			buildActionMask = 2147483647;
			files = (
			);
			runOnlyForDeploymentPostprocessing = 0;
		};
/* End PBXResourcesBuildPhase section */

/* Begin PBXSourcesBuildPhase section */
		11B614062546BECD00434504 /* Sources */ = {
			isa = PBXSourcesBuildPhase;
			buildActionMask = 2147483647;
			files = (
				11B614412547362300434504 /* ModalViewController.swift in Sources */,
				11B614122546BECD00434504 /* ViewController.swift in Sources */,
				11B6140E2546BECD00434504 /* AppDelegate.swift in Sources */,
				11B614102546BECD00434504 /* SceneDelegate.swift in Sources */,
				11B6145F254AA67100434504 /* extention.swift in Sources */,
				11B614462547367A00434504 /* PresentationController.swift in Sources */,
			);
			runOnlyForDeploymentPostprocessing = 0;
		};
		11B6141C2546BECE00434504 /* Sources */ = {
			isa = PBXSourcesBuildPhase;
			buildActionMask = 2147483647;
			files = (
				11B614252546BECE00434504 /* modalsampleTests.swift in Sources */,
			);
			runOnlyForDeploymentPostprocessing = 0;
		};
		11B614272546BECE00434504 /* Sources */ = {
			isa = PBXSourcesBuildPhase;
			buildActionMask = 2147483647;
			files = (
				11B614302546BECE00434504 /* modalsampleUITests.swift in Sources */,
			);
			runOnlyForDeploymentPostprocessing = 0;
		};
/* End PBXSourcesBuildPhase section */

/* Begin PBXTargetDependency section */
		11B614222546BECE00434504 /* PBXTargetDependency */ = {
			isa = PBXTargetDependency;
			target = 11B614092546BECD00434504 /* modalsample */;
			targetProxy = 11B614212546BECE00434504 /* PBXContainerItemProxy */;
		};
		11B6142D2546BECE00434504 /* PBXTargetDependency */ = {
			isa = PBXTargetDependency;
			target = 11B614092546BECD00434504 /* modalsample */;
			targetProxy = 11B6142C2546BECE00434504 /* PBXContainerItemProxy */;
		};
/* End PBXTargetDependency section */

/* Begin PBXVariantGroup section */
		11B614132546BECD00434504 /* Main.storyboard */ = {
			isa = PBXVariantGroup;
			children = (
				11B614142546BECD00434504 /* Base */,
			);
			name = Main.storyboard;
			sourceTree = "<group>";
		};
		11B614182546BECE00434504 /* LaunchScreen.storyboard */ = {
			isa = PBXVariantGroup;
			children = (
				11B614192546BECE00434504 /* Base */,
			);
			name = LaunchScreen.storyboard;
			sourceTree = "<group>";
		};
/* End PBXVariantGroup section */

/* Begin XCBuildConfiguration section */
		11B614322546BECE00434504 /* Debug */ = {
			isa = XCBuildConfiguration;
			buildSettings = {
				ALWAYS_SEARCH_USER_PATHS = NO;
				CLANG_ANALYZER_NONNULL = YES;
				CLANG_ANALYZER_NUMBER_OBJECT_CONVERSION = YES_AGGRESSIVE;
				CLANG_CXX_LANGUAGE_STANDARD = "gnu++14";
				CLANG_CXX_LIBRARY = "libc++";
				CLANG_ENABLE_MODULES = YES;
				CLANG_ENABLE_OBJC_ARC = YES;
				CLANG_ENABLE_OBJC_WEAK = YES;
				CLANG_WARN_BLOCK_CAPTURE_AUTORELEASING = YES;
				CLANG_WARN_BOOL_CONVERSION = YES;
				CLANG_WARN_COMMA = YES;
				CLANG_WARN_CONSTANT_CONVERSION = YES;
				CLANG_WARN_DEPRECATED_OBJC_IMPLEMENTATIONS = YES;
				CLANG_WARN_DIRECT_OBJC_ISA_USAGE = YES_ERROR;
				CLANG_WARN_DOCUMENTATION_COMMENTS = YES;
				CLANG_WARN_EMPTY_BODY = YES;
				CLANG_WARN_ENUM_CONVERSION = YES;
				CLANG_WARN_INFINITE_RECURSION = YES;
				CLANG_WARN_INT_CONVERSION = YES;
				CLANG_WARN_NON_LITERAL_NULL_CONVERSION = YES;
				CLANG_WARN_OBJC_IMPLICIT_RETAIN_SELF = YES;
				CLANG_WARN_OBJC_LITERAL_CONVERSION = YES;
				CLANG_WARN_OBJC_ROOT_CLASS = YES_ERROR;
				CLANG_WARN_QUOTED_INCLUDE_IN_FRAMEWORK_HEADER = YES;
				CLANG_WARN_RANGE_LOOP_ANALYSIS = YES;
				CLANG_WARN_STRICT_PROTOTYPES = YES;
				CLANG_WARN_SUSPICIOUS_MOVE = YES;
				CLANG_WARN_UNGUARDED_AVAILABILITY = YES_AGGRESSIVE;
				CLANG_WARN_UNREACHABLE_CODE = YES;
				CLANG_WARN__DUPLICATE_METHOD_MATCH = YES;
				COPY_PHASE_STRIP = NO;
				DEBUG_INFORMATION_FORMAT = dwarf;
				ENABLE_STRICT_OBJC_MSGSEND = YES;
				ENABLE_TESTABILITY = YES;
				GCC_C_LANGUAGE_STANDARD = gnu11;
				GCC_DYNAMIC_NO_PIC = NO;
				GCC_NO_COMMON_BLOCKS = YES;
				GCC_OPTIMIZATION_LEVEL = 0;
				GCC_PREPROCESSOR_DEFINITIONS = (
					"DEBUG=1",
					"$(inherited)",
				);
				GCC_WARN_64_TO_32_BIT_CONVERSION = YES;
				GCC_WARN_ABOUT_RETURN_TYPE = YES_ERROR;
				GCC_WARN_UNDECLARED_SELECTOR = YES;
				GCC_WARN_UNINITIALIZED_AUTOS = YES_AGGRESSIVE;
				GCC_WARN_UNUSED_FUNCTION = YES;
				GCC_WARN_UNUSED_VARIABLE = YES;
				IPHONEOS_DEPLOYMENT_TARGET = 14.1;
				MTL_ENABLE_DEBUG_INFO = INCLUDE_SOURCE;
				MTL_FAST_MATH = YES;
				ONLY_ACTIVE_ARCH = YES;
				SDKROOT = iphoneos;
				SWIFT_ACTIVE_COMPILATION_CONDITIONS = DEBUG;
				SWIFT_OPTIMIZATION_LEVEL = "-Onone";
			};
			name = Debug;
		};
		11B614332546BECE00434504 /* Release */ = {
			isa = XCBuildConfiguration;
			buildSettings = {
				ALWAYS_SEARCH_USER_PATHS = NO;
				CLANG_ANALYZER_NONNULL = YES;
				CLANG_ANALYZER_NUMBER_OBJECT_CONVERSION = YES_AGGRESSIVE;
				CLANG_CXX_LANGUAGE_STANDARD = "gnu++14";
				CLANG_CXX_LIBRARY = "libc++";
				CLANG_ENABLE_MODULES = YES;
				CLANG_ENABLE_OBJC_ARC = YES;
				CLANG_ENABLE_OBJC_WEAK = YES;
				CLANG_WARN_BLOCK_CAPTURE_AUTORELEASING = YES;
				CLANG_WARN_BOOL_CONVERSION = YES;
				CLANG_WARN_COMMA = YES;
				CLANG_WARN_CONSTANT_CONVERSION = YES;
				CLANG_WARN_DEPRECATED_OBJC_IMPLEMENTATIONS = YES;
				CLANG_WARN_DIRECT_OBJC_ISA_USAGE = YES_ERROR;
				CLANG_WARN_DOCUMENTATION_COMMENTS = YES;
				CLANG_WARN_EMPTY_BODY = YES;
				CLANG_WARN_ENUM_CONVERSION = YES;
				CLANG_WARN_INFINITE_RECURSION = YES;
				CLANG_WARN_INT_CONVERSION = YES;
				CLANG_WARN_NON_LITERAL_NULL_CONVERSION = YES;
				CLANG_WARN_OBJC_IMPLICIT_RETAIN_SELF = YES;
				CLANG_WARN_OBJC_LITERAL_CONVERSION = YES;
				CLANG_WARN_OBJC_ROOT_CLASS = YES_ERROR;
				CLANG_WARN_QUOTED_INCLUDE_IN_FRAMEWORK_HEADER = YES;
				CLANG_WARN_RANGE_LOOP_ANALYSIS = YES;
				CLANG_WARN_STRICT_PROTOTYPES = YES;
				CLANG_WARN_SUSPICIOUS_MOVE = YES;
				CLANG_WARN_UNGUARDED_AVAILABILITY = YES_AGGRESSIVE;
				CLANG_WARN_UNREACHABLE_CODE = YES;
				CLANG_WARN__DUPLICATE_METHOD_MATCH = YES;
				COPY_PHASE_STRIP = NO;
				DEBUG_INFORMATION_FORMAT = "dwarf-with-dsym";
				ENABLE_NS_ASSERTIONS = NO;
				ENABLE_STRICT_OBJC_MSGSEND = YES;
				GCC_C_LANGUAGE_STANDARD = gnu11;
				GCC_NO_COMMON_BLOCKS = YES;
				GCC_WARN_64_TO_32_BIT_CONVERSION = YES;
				GCC_WARN_ABOUT_RETURN_TYPE = YES_ERROR;
				GCC_WARN_UNDECLARED_SELECTOR = YES;
				GCC_WARN_UNINITIALIZED_AUTOS = YES_AGGRESSIVE;
				GCC_WARN_UNUSED_FUNCTION = YES;
				GCC_WARN_UNUSED_VARIABLE = YES;
				IPHONEOS_DEPLOYMENT_TARGET = 14.1;
				MTL_ENABLE_DEBUG_INFO = NO;
				MTL_FAST_MATH = YES;
				SDKROOT = iphoneos;
				SWIFT_COMPILATION_MODE = wholemodule;
				SWIFT_OPTIMIZATION_LEVEL = "-O";
				VALIDATE_PRODUCT = YES;
			};
			name = Release;
		};
		11B614352546BECE00434504 /* Debug */ = {
			isa = XCBuildConfiguration;
			buildSettings = {
				ASSETCATALOG_COMPILER_APPICON_NAME = AppIcon;
				ASSETCATALOG_COMPILER_GLOBAL_ACCENT_COLOR_NAME = AccentColor;
				CODE_SIGN_STYLE = Automatic;
				DEVELOPMENT_TEAM = 9DZWZ2QDGB;
				INFOPLIST_FILE = modalsample/Info.plist;
				LD_RUNPATH_SEARCH_PATHS = (
					"$(inherited)",
					"@executable_path/Frameworks",
				);
				PRODUCT_BUNDLE_IDENTIFIER = tiking.modalsample;
				PRODUCT_NAME = "$(TARGET_NAME)";
				SWIFT_VERSION = 5.0;
				TARGETED_DEVICE_FAMILY = "1,2";
			};
			name = Debug;
		};
		11B614362546BECE00434504 /* Release */ = {
			isa = XCBuildConfiguration;
			buildSettings = {
				ASSETCATALOG_COMPILER_APPICON_NAME = AppIcon;
				ASSETCATALOG_COMPILER_GLOBAL_ACCENT_COLOR_NAME = AccentColor;
				CODE_SIGN_STYLE = Automatic;
				DEVELOPMENT_TEAM = 9DZWZ2QDGB;
				INFOPLIST_FILE = modalsample/Info.plist;
				LD_RUNPATH_SEARCH_PATHS = (
					"$(inherited)",
					"@executable_path/Frameworks",
				);
				PRODUCT_BUNDLE_IDENTIFIER = tiking.modalsample;
				PRODUCT_NAME = "$(TARGET_NAME)";
				SWIFT_VERSION = 5.0;
				TARGETED_DEVICE_FAMILY = "1,2";
			};
			name = Release;
		};
		11B614382546BECE00434504 /* Debug */ = {
			isa = XCBuildConfiguration;
			buildSettings = {
				ALWAYS_EMBED_SWIFT_STANDARD_LIBRARIES = YES;
				BUNDLE_LOADER = "$(TEST_HOST)";
				CODE_SIGN_STYLE = Automatic;
				DEVELOPMENT_TEAM = 9DZWZ2QDGB;
				INFOPLIST_FILE = modalsampleTests/Info.plist;
				IPHONEOS_DEPLOYMENT_TARGET = 14.1;
				LD_RUNPATH_SEARCH_PATHS = (
					"$(inherited)",
					"@executable_path/Frameworks",
					"@loader_path/Frameworks",
				);
				PRODUCT_BUNDLE_IDENTIFIER = tiking.modalsampleTests;
				PRODUCT_NAME = "$(TARGET_NAME)";
				SWIFT_VERSION = 5.0;
				TARGETED_DEVICE_FAMILY = "1,2";
				TEST_HOST = "$(BUILT_PRODUCTS_DIR)/modalsample.app/modalsample";
			};
			name = Debug;
		};
		11B614392546BECE00434504 /* Release */ = {
			isa = XCBuildConfiguration;
			buildSettings = {
				ALWAYS_EMBED_SWIFT_STANDARD_LIBRARIES = YES;
				BUNDLE_LOADER = "$(TEST_HOST)";
				CODE_SIGN_STYLE = Automatic;
				DEVELOPMENT_TEAM = 9DZWZ2QDGB;
				INFOPLIST_FILE = modalsampleTests/Info.plist;
				IPHONEOS_DEPLOYMENT_TARGET = 14.1;
				LD_RUNPATH_SEARCH_PATHS = (
					"$(inherited)",
					"@executable_path/Frameworks",
					"@loader_path/Frameworks",
				);
				PRODUCT_BUNDLE_IDENTIFIER = tiking.modalsampleTests;
				PRODUCT_NAME = "$(TARGET_NAME)";
				SWIFT_VERSION = 5.0;
				TARGETED_DEVICE_FAMILY = "1,2";
				TEST_HOST = "$(BUILT_PRODUCTS_DIR)/modalsample.app/modalsample";
			};
			name = Release;
		};
		11B6143B2546BECE00434504 /* Debug */ = {
			isa = XCBuildConfiguration;
			buildSettings = {
				ALWAYS_EMBED_SWIFT_STANDARD_LIBRARIES = YES;
				CODE_SIGN_STYLE = Automatic;
				DEVELOPMENT_TEAM = 9DZWZ2QDGB;
				INFOPLIST_FILE = modalsampleUITests/Info.plist;
				LD_RUNPATH_SEARCH_PATHS = (
					"$(inherited)",
					"@executable_path/Frameworks",
					"@loader_path/Frameworks",
				);
				PRODUCT_BUNDLE_IDENTIFIER = tiking.modalsampleUITests;
				PRODUCT_NAME = "$(TARGET_NAME)";
				SWIFT_VERSION = 5.0;
				TARGETED_DEVICE_FAMILY = "1,2";
				TEST_TARGET_NAME = modalsample;
			};
			name = Debug;
		};
		11B6143C2546BECE00434504 /* Release */ = {
			isa = XCBuildConfiguration;
			buildSettings = {
				ALWAYS_EMBED_SWIFT_STANDARD_LIBRARIES = YES;
				CODE_SIGN_STYLE = Automatic;
				DEVELOPMENT_TEAM = 9DZWZ2QDGB;
				INFOPLIST_FILE = modalsampleUITests/Info.plist;
				LD_RUNPATH_SEARCH_PATHS = (
					"$(inherited)",
					"@executable_path/Frameworks",
					"@loader_path/Frameworks",
				);
				PRODUCT_BUNDLE_IDENTIFIER = tiking.modalsampleUITests;
				PRODUCT_NAME = "$(TARGET_NAME)";
				SWIFT_VERSION = 5.0;
				TARGETED_DEVICE_FAMILY = "1,2";
				TEST_TARGET_NAME = modalsample;
			};
			name = Release;
		};
/* End XCBuildConfiguration section */

/* Begin XCConfigurationList section */
		11B614052546BECD00434504 /* Build configuration list for PBXProject "modalsample" */ = {
			isa = XCConfigurationList;
			buildConfigurations = (
				11B614322546BECE00434504 /* Debug */,
				11B614332546BECE00434504 /* Release */,
			);
			defaultConfigurationIsVisible = 0;
			defaultConfigurationName = Release;
		};
		11B614342546BECE00434504 /* Build configuration list for PBXNativeTarget "modalsample" */ = {
			isa = XCConfigurationList;
			buildConfigurations = (
				11B614352546BECE00434504 /* Debug */,
				11B614362546BECE00434504 /* Release */,
			);
			defaultConfigurationIsVisible = 0;
			defaultConfigurationName = Release;
		};
		11B614372546BECE00434504 /* Build configuration list for PBXNativeTarget "modalsampleTests" */ = {
			isa = XCConfigurationList;
			buildConfigurations = (
				11B614382546BECE00434504 /* Debug */,
				11B614392546BECE00434504 /* Release */,
			);
			defaultConfigurationIsVisible = 0;
			defaultConfigurationName = Release;
		};
		11B6143A2546BECE00434504 /* Build configuration list for PBXNativeTarget "modalsampleUITests" */ = {
			isa = XCConfigurationList;
			buildConfigurations = (
				11B6143B2546BECE00434504 /* Debug */,
				11B6143C2546BECE00434504 /* Release */,
			);
			defaultConfigurationIsVisible = 0;
			defaultConfigurationName = Release;
		};
/* End XCConfigurationList section */
	};
	rootObject = 11B614022546BECD00434504 /* Project object */;
}
