// !$*UTF8*$!
{
	archiveVersion = 1;
	classes = {
	};
	objectVersion = 50;
	objects = {

/* Begin PBXBuildFile section */
		114CB027256846C40064B635 /* AppDelegate.swift in Sources */ = {isa = PBXBuildFile; fileRef = 114CB026256846C40064B635 /* AppDelegate.swift */; };
		114CB029256846C40064B635 /* SceneDelegate.swift in Sources */ = {isa = PBXBuildFile; fileRef = 114CB028256846C40064B635 /* SceneDelegate.swift */; };
		114CB02B256846C40064B635 /* ViewController.swift in Sources */ = {isa = PBXBuildFile; fileRef = 114CB02A256846C40064B635 /* ViewController.swift */; };
		114CB02E256846C50064B635 /* Main.storyboard in Resources */ = {isa = PBXBuildFile; fileRef = 114CB02C256846C50064B635 /* Main.storyboard */; };
		114CB030256846C70064B635 /* Assets.xcassets in Resources */ = {isa = PBXBuildFile; fileRef = 114CB02F256846C70064B635 /* Assets.xcassets */; };
		114CB033256846C70064B635 /* LaunchScreen.storyboard in Resources */ = {isa = PBXBuildFile; fileRef = 114CB031256846C70064B635 /* LaunchScreen.storyboard */; };
		114CB03E256846C70064B635 /* createplusTests.swift in Sources */ = {isa = PBXBuildFile; fileRef = 114CB03D256846C70064B635 /* createplusTests.swift */; };
		114CB049256846C70064B635 /* createplusUITests.swift in Sources */ = {isa = PBXBuildFile; fileRef = 114CB048256846C70064B635 /* createplusUITests.swift */; };
		114CB05B2568B43E0064B635 /* View.swift in Sources */ = {isa = PBXBuildFile; fileRef = 114CB05A2568B43E0064B635 /* View.swift */; };
		114CB0602568B44B0064B635 /* View.xib in Resources */ = {isa = PBXBuildFile; fileRef = 114CB05F2568B44B0064B635 /* View.xib */; };
/* End PBXBuildFile section */

/* Begin PBXContainerItemProxy section */
		114CB03A256846C70064B635 /* PBXContainerItemProxy */ = {
			isa = PBXContainerItemProxy;
			containerPortal = 114CB01B256846C40064B635 /* Project object */;
			proxyType = 1;
			remoteGlobalIDString = 114CB022256846C40064B635;
			remoteInfo = createplus;
		};
		114CB045256846C70064B635 /* PBXContainerItemProxy */ = {
			isa = PBXContainerItemProxy;
			containerPortal = 114CB01B256846C40064B635 /* Project object */;
			proxyType = 1;
			remoteGlobalIDString = 114CB022256846C40064B635;
			remoteInfo = createplus;
		};
/* End PBXContainerItemProxy section */

/* Begin PBXFileReference section */
		114CB023256846C40064B635 /* createplus.app */ = {isa = PBXFileReference; explicitFileType = wrapper.application; includeInIndex = 0; path = createplus.app; sourceTree = BUILT_PRODUCTS_DIR; };
		114CB026256846C40064B635 /* AppDelegate.swift */ = {isa = PBXFileReference; lastKnownFileType = sourcecode.swift; path = AppDelegate.swift; sourceTree = "<group>"; };
		114CB028256846C40064B635 /* SceneDelegate.swift */ = {isa = PBXFileReference; lastKnownFileType = sourcecode.swift; path = SceneDelegate.swift; sourceTree = "<group>"; };
		114CB02A256846C40064B635 /* ViewController.swift */ = {isa = PBXFileReference; lastKnownFileType = sourcecode.swift; path = ViewController.swift; sourceTree = "<group>"; };
		114CB02D256846C50064B635 /* Base */ = {isa = PBXFileReference; lastKnownFileType = file.storyboard; name = Base; path = Base.lproj/Main.storyboard; sourceTree = "<group>"; };
		114CB02F256846C70064B635 /* Assets.xcassets */ = {isa = PBXFileReference; lastKnownFileType = folder.assetcatalog; path = Assets.xcassets; sourceTree = "<group>"; };
		114CB032256846C70064B635 /* Base */ = {isa = PBXFileReference; lastKnownFileType = file.storyboard; name = Base; path = Base.lproj/LaunchScreen.storyboard; sourceTree = "<group>"; };
		114CB034256846C70064B635 /* Info.plist */ = {isa = PBXFileReference; lastKnownFileType = text.plist.xml; path = Info.plist; sourceTree = "<group>"; };
		114CB039256846C70064B635 /* createplusTests.xctest */ = {isa = PBXFileReference; explicitFileType = wrapper.cfbundle; includeInIndex = 0; path = createplusTests.xctest; sourceTree = BUILT_PRODUCTS_DIR; };
		114CB03D256846C70064B635 /* createplusTests.swift */ = {isa = PBXFileReference; lastKnownFileType = sourcecode.swift; path = createplusTests.swift; sourceTree = "<group>"; };
		114CB03F256846C70064B635 /* Info.plist */ = {isa = PBXFileReference; lastKnownFileType = text.plist.xml; path = Info.plist; sourceTree = "<group>"; };
		114CB044256846C70064B635 /* createplusUITests.xctest */ = {isa = PBXFileReference; explicitFileType = wrapper.cfbundle; includeInIndex = 0; path = createplusUITests.xctest; sourceTree = BUILT_PRODUCTS_DIR; };
		114CB048256846C70064B635 /* createplusUITests.swift */ = {isa = PBXFileReference; lastKnownFileType = sourcecode.swift; path = createplusUITests.swift; sourceTree = "<group>"; };
		114CB04A256846C70064B635 /* Info.plist */ = {isa = PBXFileReference; lastKnownFileType = text.plist.xml; path = Info.plist; sourceTree = "<group>"; };
		114CB05A2568B43E0064B635 /* View.swift */ = {isa = PBXFileReference; lastKnownFileType = sourcecode.swift; path = View.swift; sourceTree = "<group>"; };
		114CB05F2568B44B0064B635 /* View.xib */ = {isa = PBXFileReference; lastKnownFileType = file.xib; path = View.xib; sourceTree = "<group>"; };
/* End PBXFileReference section */

/* Begin PBXFrameworksBuildPhase section */
		114CB020256846C40064B635 /* Frameworks */ = {
			isa = PBXFrameworksBuildPhase;
			buildActionMask = 2147483647;
			files = (
			);
			runOnlyForDeploymentPostprocessing = 0;
		};
		114CB036256846C70064B635 /* Frameworks */ = {
			isa = PBXFrameworksBuildPhase;
			buildActionMask = 2147483647;
			files = (
			);
			runOnlyForDeploymentPostprocessing = 0;
		};
		114CB041256846C70064B635 /* Frameworks */ = {
			isa = PBXFrameworksBuildPhase;
			buildActionMask = 2147483647;
			files = (
			);
			runOnlyForDeploymentPostprocessing = 0;
		};
/* End PBXFrameworksBuildPhase section */

/* Begin PBXGroup section */
		114CB01A256846C40064B635 = {
			isa = PBXGroup;
			children = (
				114CB025256846C40064B635 /* createplus */,
				114CB03C256846C70064B635 /* createplusTests */,
				114CB047256846C70064B635 /* createplusUITests */,
				114CB024256846C40064B635 /* Products */,
			);
			sourceTree = "<group>";
		};
		114CB024256846C40064B635 /* Products */ = {
			isa = PBXGroup;
			children = (
				114CB023256846C40064B635 /* createplus.app */,
				114CB039256846C70064B635 /* createplusTests.xctest */,
				114CB044256846C70064B635 /* createplusUITests.xctest */,
			);
			name = Products;
			sourceTree = "<group>";
		};
		114CB025256846C40064B635 /* createplus */ = {
			isa = PBXGroup;
			children = (
				114CB026256846C40064B635 /* AppDelegate.swift */,
				114CB028256846C40064B635 /* SceneDelegate.swift */,
				114CB02A256846C40064B635 /* ViewController.swift */,
				114CB02C256846C50064B635 /* Main.storyboard */,
				114CB02F256846C70064B635 /* Assets.xcassets */,
				114CB031256846C70064B635 /* LaunchScreen.storyboard */,
				114CB034256846C70064B635 /* Info.plist */,
				114CB05A2568B43E0064B635 /* View.swift */,
				114CB05F2568B44B0064B635 /* View.xib */,
			);
			path = createplus;
			sourceTree = "<group>";
		};
		114CB03C256846C70064B635 /* createplusTests */ = {
			isa = PBXGroup;
			children = (
				114CB03D256846C70064B635 /* createplusTests.swift */,
				114CB03F256846C70064B635 /* Info.plist */,
			);
			path = createplusTests;
			sourceTree = "<group>";
		};
		114CB047256846C70064B635 /* createplusUITests */ = {
			isa = PBXGroup;
			children = (
				114CB048256846C70064B635 /* createplusUITests.swift */,
				114CB04A256846C70064B635 /* Info.plist */,
			);
			path = createplusUITests;
			sourceTree = "<group>";
		};
/* End PBXGroup section */

/* Begin PBXNativeTarget section */
		114CB022256846C40064B635 /* createplus */ = {
			isa = PBXNativeTarget;
			buildConfigurationList = 114CB04D256846C70064B635 /* Build configuration list for PBXNativeTarget "createplus" */;
			buildPhases = (
				114CB01F256846C40064B635 /* Sources */,
				114CB020256846C40064B635 /* Frameworks */,
				114CB021256846C40064B635 /* Resources */,
			);
			buildRules = (
			);
			dependencies = (
			);
			name = createplus;
			productName = createplus;
			productReference = 114CB023256846C40064B635 /* createplus.app */;
			productType = "com.apple.product-type.application";
		};
		114CB038256846C70064B635 /* createplusTests */ = {
			isa = PBXNativeTarget;
			buildConfigurationList = 114CB050256846C70064B635 /* Build configuration list for PBXNativeTarget "createplusTests" */;
			buildPhases = (
				114CB035256846C70064B635 /* Sources */,
				114CB036256846C70064B635 /* Frameworks */,
				114CB037256846C70064B635 /* Resources */,
			);
			buildRules = (
			);
			dependencies = (
				114CB03B256846C70064B635 /* PBXTargetDependency */,
			);
			name = createplusTests;
			productName = createplusTests;
			productReference = 114CB039256846C70064B635 /* createplusTests.xctest */;
			productType = "com.apple.product-type.bundle.unit-test";
		};
		114CB043256846C70064B635 /* createplusUITests */ = {
			isa = PBXNativeTarget;
			buildConfigurationList = 114CB053256846C70064B635 /* Build configuration list for PBXNativeTarget "createplusUITests" */;
			buildPhases = (
				114CB040256846C70064B635 /* Sources */,
				114CB041256846C70064B635 /* Frameworks */,
				114CB042256846C70064B635 /* Resources */,
			);
			buildRules = (
			);
			dependencies = (
				114CB046256846C70064B635 /* PBXTargetDependency */,
			);
			name = createplusUITests;
			productName = createplusUITests;
			productReference = 114CB044256846C70064B635 /* createplusUITests.xctest */;
			productType = "com.apple.product-type.bundle.ui-testing";
		};
/* End PBXNativeTarget section */

/* Begin PBXProject section */
		114CB01B256846C40064B635 /* Project object */ = {
			isa = PBXProject;
			attributes = {
				LastSwiftUpdateCheck = 1220;
				LastUpgradeCheck = 1220;
				TargetAttributes = {
					114CB022256846C40064B635 = {
						CreatedOnToolsVersion = 12.2;
					};
					114CB038256846C70064B635 = {
						CreatedOnToolsVersion = 12.2;
						TestTargetID = 114CB022256846C40064B635;
					};
					114CB043256846C70064B635 = {
						CreatedOnToolsVersion = 12.2;
						TestTargetID = 114CB022256846C40064B635;
					};
				};
			};
			buildConfigurationList = 114CB01E256846C40064B635 /* Build configuration list for PBXProject "createplus" */;
			compatibilityVersion = "Xcode 9.3";
			developmentRegion = en;
			hasScannedForEncodings = 0;
			knownRegions = (
				en,
				Base,
			);
			mainGroup = 114CB01A256846C40064B635;
			productRefGroup = 114CB024256846C40064B635 /* Products */;
			projectDirPath = "";
			projectRoot = "";
			targets = (
				114CB022256846C40064B635 /* createplus */,
				114CB038256846C70064B635 /* createplusTests */,
				114CB043256846C70064B635 /* createplusUITests */,
			);
		};
/* End PBXProject section */

/* Begin PBXResourcesBuildPhase section */
		114CB021256846C40064B635 /* Resources */ = {
			isa = PBXResourcesBuildPhase;
			buildActionMask = 2147483647;
			files = (
				114CB0602568B44B0064B635 /* View.xib in Resources */,
				114CB033256846C70064B635 /* LaunchScreen.storyboard in Resources */,
				114CB030256846C70064B635 /* Assets.xcassets in Resources */,
				114CB02E256846C50064B635 /* Main.storyboard in Resources */,
			);
			runOnlyForDeploymentPostprocessing = 0;
		};
		114CB037256846C70064B635 /* Resources */ = {
			isa = PBXResourcesBuildPhase;
			buildActionMask = 2147483647;
			files = (
			);
			runOnlyForDeploymentPostprocessing = 0;
		};
		114CB042256846C70064B635 /* Resources */ = {
			isa = PBXResourcesBuildPhase;
			buildActionMask = 2147483647;
			files = (
			);
			runOnlyForDeploymentPostprocessing = 0;
		};
/* End PBXResourcesBuildPhase section */

/* Begin PBXSourcesBuildPhase section */
		114CB01F256846C40064B635 /* Sources */ = {
			isa = PBXSourcesBuildPhase;
			buildActionMask = 2147483647;
			files = (
				114CB05B2568B43E0064B635 /* View.swift in Sources */,
				114CB02B256846C40064B635 /* ViewController.swift in Sources */,
				114CB027256846C40064B635 /* AppDelegate.swift in Sources */,
				114CB029256846C40064B635 /* SceneDelegate.swift in Sources */,
			);
			runOnlyForDeploymentPostprocessing = 0;
		};
		114CB035256846C70064B635 /* Sources */ = {
			isa = PBXSourcesBuildPhase;
			buildActionMask = 2147483647;
			files = (
				114CB03E256846C70064B635 /* createplusTests.swift in Sources */,
			);
			runOnlyForDeploymentPostprocessing = 0;
		};
		114CB040256846C70064B635 /* Sources */ = {
			isa = PBXSourcesBuildPhase;
			buildActionMask = 2147483647;
			files = (
				114CB049256846C70064B635 /* createplusUITests.swift in Sources */,
			);
			runOnlyForDeploymentPostprocessing = 0;
		};
/* End PBXSourcesBuildPhase section */

/* Begin PBXTargetDependency section */
		114CB03B256846C70064B635 /* PBXTargetDependency */ = {
			isa = PBXTargetDependency;
			target = 114CB022256846C40064B635 /* createplus */;
			targetProxy = 114CB03A256846C70064B635 /* PBXContainerItemProxy */;
		};
		114CB046256846C70064B635 /* PBXTargetDependency */ = {
			isa = PBXTargetDependency;
			target = 114CB022256846C40064B635 /* createplus */;
			targetProxy = 114CB045256846C70064B635 /* PBXContainerItemProxy */;
		};
/* End PBXTargetDependency section */

/* Begin PBXVariantGroup section */
		114CB02C256846C50064B635 /* Main.storyboard */ = {
			isa = PBXVariantGroup;
			children = (
				114CB02D256846C50064B635 /* Base */,
			);
			name = Main.storyboard;
			sourceTree = "<group>";
		};
		114CB031256846C70064B635 /* LaunchScreen.storyboard */ = {
			isa = PBXVariantGroup;
			children = (
				114CB032256846C70064B635 /* Base */,
			);
			name = LaunchScreen.storyboard;
			sourceTree = "<group>";
		};
/* End PBXVariantGroup section */

/* Begin XCBuildConfiguration section */
		114CB04B256846C70064B635 /* Debug */ = {
			isa = XCBuildConfiguration;
			buildSettings = {
				ALWAYS_SEARCH_USER_PATHS = NO;
				CLANG_ANALYZER_NONNULL = YES;
				CLANG_ANALYZER_NUMBER_OBJECT_CONVERSION = YES_AGGRESSIVE;
				CLANG_CXX_LANGUAGE_STANDARD = "gnu++14";
				CLANG_CXX_LIBRARY = "libc++";
				CLANG_ENABLE_MODULES = YES;
				CLANG_ENABLE_OBJC_ARC = YES;
				CLANG_ENABLE_OBJC_WEAK = YES;
				CLANG_WARN_BLOCK_CAPTURE_AUTORELEASING = YES;
				CLANG_WARN_BOOL_CONVERSION = YES;
				CLANG_WARN_COMMA = YES;
				CLANG_WARN_CONSTANT_CONVERSION = YES;
				CLANG_WARN_DEPRECATED_OBJC_IMPLEMENTATIONS = YES;
				CLANG_WARN_DIRECT_OBJC_ISA_USAGE = YES_ERROR;
				CLANG_WARN_DOCUMENTATION_COMMENTS = YES;
				CLANG_WARN_EMPTY_BODY = YES;
				CLANG_WARN_ENUM_CONVERSION = YES;
				CLANG_WARN_INFINITE_RECURSION = YES;
				CLANG_WARN_INT_CONVERSION = YES;
				CLANG_WARN_NON_LITERAL_NULL_CONVERSION = YES;
				CLANG_WARN_OBJC_IMPLICIT_RETAIN_SELF = YES;
				CLANG_WARN_OBJC_LITERAL_CONVERSION = YES;
				CLANG_WARN_OBJC_ROOT_CLASS = YES_ERROR;
				CLANG_WARN_QUOTED_INCLUDE_IN_FRAMEWORK_HEADER = YES;
				CLANG_WARN_RANGE_LOOP_ANALYSIS = YES;
				CLANG_WARN_STRICT_PROTOTYPES = YES;
				CLANG_WARN_SUSPICIOUS_MOVE = YES;
				CLANG_WARN_UNGUARDED_AVAILABILITY = YES_AGGRESSIVE;
				CLANG_WARN_UNREACHABLE_CODE = YES;
				CLANG_WARN__DUPLICATE_METHOD_MATCH = YES;
				COPY_PHASE_STRIP = NO;
				DEBUG_INFORMATION_FORMAT = dwarf;
				ENABLE_STRICT_OBJC_MSGSEND = YES;
				ENABLE_TESTABILITY = YES;
				GCC_C_LANGUAGE_STANDARD = gnu11;
				GCC_DYNAMIC_NO_PIC = NO;
				GCC_NO_COMMON_BLOCKS = YES;
				GCC_OPTIMIZATION_LEVEL = 0;
				GCC_PREPROCESSOR_DEFINITIONS = (
					"DEBUG=1",
					"$(inherited)",
				);
				GCC_WARN_64_TO_32_BIT_CONVERSION = YES;
				GCC_WARN_ABOUT_RETURN_TYPE = YES_ERROR;
				GCC_WARN_UNDECLARED_SELECTOR = YES;
				GCC_WARN_UNINITIALIZED_AUTOS = YES_AGGRESSIVE;
				GCC_WARN_UNUSED_FUNCTION = YES;
				GCC_WARN_UNUSED_VARIABLE = YES;
				IPHONEOS_DEPLOYMENT_TARGET = 14.2;
				MTL_ENABLE_DEBUG_INFO = INCLUDE_SOURCE;
				MTL_FAST_MATH = YES;
				ONLY_ACTIVE_ARCH = YES;
				SDKROOT = iphoneos;
				SWIFT_ACTIVE_COMPILATION_CONDITIONS = DEBUG;
				SWIFT_OPTIMIZATION_LEVEL = "-Onone";
			};
			name = Debug;
		};
		114CB04C256846C70064B635 /* Release */ = {
			isa = XCBuildConfiguration;
			buildSettings = {
				ALWAYS_SEARCH_USER_PATHS = NO;
				CLANG_ANALYZER_NONNULL = YES;
				CLANG_ANALYZER_NUMBER_OBJECT_CONVERSION = YES_AGGRESSIVE;
				CLANG_CXX_LANGUAGE_STANDARD = "gnu++14";
				CLANG_CXX_LIBRARY = "libc++";
				CLANG_ENABLE_MODULES = YES;
				CLANG_ENABLE_OBJC_ARC = YES;
				CLANG_ENABLE_OBJC_WEAK = YES;
				CLANG_WARN_BLOCK_CAPTURE_AUTORELEASING = YES;
				CLANG_WARN_BOOL_CONVERSION = YES;
				CLANG_WARN_COMMA = YES;
				CLANG_WARN_CONSTANT_CONVERSION = YES;
				CLANG_WARN_DEPRECATED_OBJC_IMPLEMENTATIONS = YES;
				CLANG_WARN_DIRECT_OBJC_ISA_USAGE = YES_ERROR;
				CLANG_WARN_DOCUMENTATION_COMMENTS = YES;
				CLANG_WARN_EMPTY_BODY = YES;
				CLANG_WARN_ENUM_CONVERSION = YES;
				CLANG_WARN_INFINITE_RECURSION = YES;
				CLANG_WARN_INT_CONVERSION = YES;
				CLANG_WARN_NON_LITERAL_NULL_CONVERSION = YES;
				CLANG_WARN_OBJC_IMPLICIT_RETAIN_SELF = YES;
				CLANG_WARN_OBJC_LITERAL_CONVERSION = YES;
				CLANG_WARN_OBJC_ROOT_CLASS = YES_ERROR;
				CLANG_WARN_QUOTED_INCLUDE_IN_FRAMEWORK_HEADER = YES;
				CLANG_WARN_RANGE_LOOP_ANALYSIS = YES;
				CLANG_WARN_STRICT_PROTOTYPES = YES;
				CLANG_WARN_SUSPICIOUS_MOVE = YES;
				CLANG_WARN_UNGUARDED_AVAILABILITY = YES_AGGRESSIVE;
				CLANG_WARN_UNREACHABLE_CODE = YES;
				CLANG_WARN__DUPLICATE_METHOD_MATCH = YES;
				COPY_PHASE_STRIP = NO;
				DEBUG_INFORMATION_FORMAT = "dwarf-with-dsym";
				ENABLE_NS_ASSERTIONS = NO;
				ENABLE_STRICT_OBJC_MSGSEND = YES;
				GCC_C_LANGUAGE_STANDARD = gnu11;
				GCC_NO_COMMON_BLOCKS = YES;
				GCC_WARN_64_TO_32_BIT_CONVERSION = YES;
				GCC_WARN_ABOUT_RETURN_TYPE = YES_ERROR;
				GCC_WARN_UNDECLARED_SELECTOR = YES;
				GCC_WARN_UNINITIALIZED_AUTOS = YES_AGGRESSIVE;
				GCC_WARN_UNUSED_FUNCTION = YES;
				GCC_WARN_UNUSED_VARIABLE = YES;
				IPHONEOS_DEPLOYMENT_TARGET = 14.2;
				MTL_ENABLE_DEBUG_INFO = NO;
				MTL_FAST_MATH = YES;
				SDKROOT = iphoneos;
				SWIFT_COMPILATION_MODE = wholemodule;
				SWIFT_OPTIMIZATION_LEVEL = "-O";
				VALIDATE_PRODUCT = YES;
			};
			name = Release;
		};
		114CB04E256846C70064B635 /* Debug */ = {
			isa = XCBuildConfiguration;
			buildSettings = {
				ASSETCATALOG_COMPILER_APPICON_NAME = AppIcon;
				ASSETCATALOG_COMPILER_GLOBAL_ACCENT_COLOR_NAME = AccentColor;
				CODE_SIGN_STYLE = Automatic;
				DEVELOPMENT_TEAM = 9DZWZ2QDGB;
				INFOPLIST_FILE = createplus/Info.plist;
				LD_RUNPATH_SEARCH_PATHS = (
					"$(inherited)",
					"@executable_path/Frameworks",
				);
				PRODUCT_BUNDLE_IDENTIFIER = tiking.createplus;
				PRODUCT_NAME = "$(TARGET_NAME)";
				SWIFT_VERSION = 5.0;
				TARGETED_DEVICE_FAMILY = "1,2";
			};
			name = Debug;
		};
		114CB04F256846C70064B635 /* Release */ = {
			isa = XCBuildConfiguration;
			buildSettings = {
				ASSETCATALOG_COMPILER_APPICON_NAME = AppIcon;
				ASSETCATALOG_COMPILER_GLOBAL_ACCENT_COLOR_NAME = AccentColor;
				CODE_SIGN_STYLE = Automatic;
				DEVELOPMENT_TEAM = 9DZWZ2QDGB;
				INFOPLIST_FILE = createplus/Info.plist;
				LD_RUNPATH_SEARCH_PATHS = (
					"$(inherited)",
					"@executable_path/Frameworks",
				);
				PRODUCT_BUNDLE_IDENTIFIER = tiking.createplus;
				PRODUCT_NAME = "$(TARGET_NAME)";
				SWIFT_VERSION = 5.0;
				TARGETED_DEVICE_FAMILY = "1,2";
			};
			name = Release;
		};
		114CB051256846C70064B635 /* Debug */ = {
			isa = XCBuildConfiguration;
			buildSettings = {
				ALWAYS_EMBED_SWIFT_STANDARD_LIBRARIES = YES;
				BUNDLE_LOADER = "$(TEST_HOST)";
				CODE_SIGN_STYLE = Automatic;
				DEVELOPMENT_TEAM = 9DZWZ2QDGB;
				INFOPLIST_FILE = createplusTests/Info.plist;
				IPHONEOS_DEPLOYMENT_TARGET = 14.2;
				LD_RUNPATH_SEARCH_PATHS = (
					"$(inherited)",
					"@executable_path/Frameworks",
					"@loader_path/Frameworks",
				);
				PRODUCT_BUNDLE_IDENTIFIER = tiking.createplusTests;
				PRODUCT_NAME = "$(TARGET_NAME)";
				SWIFT_VERSION = 5.0;
				TARGETED_DEVICE_FAMILY = "1,2";
				TEST_HOST = "$(BUILT_PRODUCTS_DIR)/createplus.app/createplus";
			};
			name = Debug;
		};
		114CB052256846C70064B635 /* Release */ = {
			isa = XCBuildConfiguration;
			buildSettings = {
				ALWAYS_EMBED_SWIFT_STANDARD_LIBRARIES = YES;
				BUNDLE_LOADER = "$(TEST_HOST)";
				CODE_SIGN_STYLE = Automatic;
				DEVELOPMENT_TEAM = 9DZWZ2QDGB;
				INFOPLIST_FILE = createplusTests/Info.plist;
				IPHONEOS_DEPLOYMENT_TARGET = 14.2;
				LD_RUNPATH_SEARCH_PATHS = (
					"$(inherited)",
					"@executable_path/Frameworks",
					"@loader_path/Frameworks",
				);
				PRODUCT_BUNDLE_IDENTIFIER = tiking.createplusTests;
				PRODUCT_NAME = "$(TARGET_NAME)";
				SWIFT_VERSION = 5.0;
				TARGETED_DEVICE_FAMILY = "1,2";
				TEST_HOST = "$(BUILT_PRODUCTS_DIR)/createplus.app/createplus";
			};
			name = Release;
		};
		114CB054256846C70064B635 /* Debug */ = {
			isa = XCBuildConfiguration;
			buildSettings = {
				ALWAYS_EMBED_SWIFT_STANDARD_LIBRARIES = YES;
				CODE_SIGN_STYLE = Automatic;
				DEVELOPMENT_TEAM = 9DZWZ2QDGB;
				INFOPLIST_FILE = createplusUITests/Info.plist;
				LD_RUNPATH_SEARCH_PATHS = (
					"$(inherited)",
					"@executable_path/Frameworks",
					"@loader_path/Frameworks",
				);
				PRODUCT_BUNDLE_IDENTIFIER = tiking.createplusUITests;
				PRODUCT_NAME = "$(TARGET_NAME)";
				SWIFT_VERSION = 5.0;
				TARGETED_DEVICE_FAMILY = "1,2";
				TEST_TARGET_NAME = createplus;
			};
			name = Debug;
		};
		114CB055256846C70064B635 /* Release */ = {
			isa = XCBuildConfiguration;
			buildSettings = {
				ALWAYS_EMBED_SWIFT_STANDARD_LIBRARIES = YES;
				CODE_SIGN_STYLE = Automatic;
				DEVELOPMENT_TEAM = 9DZWZ2QDGB;
				INFOPLIST_FILE = createplusUITests/Info.plist;
				LD_RUNPATH_SEARCH_PATHS = (
					"$(inherited)",
					"@executable_path/Frameworks",
					"@loader_path/Frameworks",
				);
				PRODUCT_BUNDLE_IDENTIFIER = tiking.createplusUITests;
				PRODUCT_NAME = "$(TARGET_NAME)";
				SWIFT_VERSION = 5.0;
				TARGETED_DEVICE_FAMILY = "1,2";
				TEST_TARGET_NAME = createplus;
			};
			name = Release;
		};
/* End XCBuildConfiguration section */

/* Begin XCConfigurationList section */
		114CB01E256846C40064B635 /* Build configuration list for PBXProject "createplus" */ = {
			isa = XCConfigurationList;
			buildConfigurations = (
				114CB04B256846C70064B635 /* Debug */,
				114CB04C256846C70064B635 /* Release */,
			);
			defaultConfigurationIsVisible = 0;
			defaultConfigurationName = Release;
		};
		114CB04D256846C70064B635 /* Build configuration list for PBXNativeTarget "createplus" */ = {
			isa = XCConfigurationList;
			buildConfigurations = (
				114CB04E256846C70064B635 /* Debug */,
				114CB04F256846C70064B635 /* Release */,
			);
			defaultConfigurationIsVisible = 0;
			defaultConfigurationName = Release;
		};
		114CB050256846C70064B635 /* Build configuration list for PBXNativeTarget "createplusTests" */ = {
			isa = XCConfigurationList;
			buildConfigurations = (
				114CB051256846C70064B635 /* Debug */,
				114CB052256846C70064B635 /* Release */,
			);
			defaultConfigurationIsVisible = 0;
			defaultConfigurationName = Release;
		};
		114CB053256846C70064B635 /* Build configuration list for PBXNativeTarget "createplusUITests" */ = {
			isa = XCConfigurationList;
			buildConfigurations = (
				114CB054256846C70064B635 /* Debug */,
				114CB055256846C70064B635 /* Release */,
			);
			defaultConfigurationIsVisible = 0;
			defaultConfigurationName = Release;
		};
/* End XCConfigurationList section */
	};
	rootObject = 114CB01B256846C40064B635 /* Project object */;
}
